// !$*UTF8*$!
{
	archiveVersion = 1;
	classes = {
	};
	objectVersion = 46;
	objects = {

/* Begin PBXBuildFile section */
		BD8B29931DF2E7A000A974BD /* AppDelegate.swift in Sources */ = {isa = PBXBuildFile; fileRef = BD8B29921DF2E7A000A974BD /* AppDelegate.swift */; };
		BD8B29951DF2E7A000A974BD /* ViewController.swift in Sources */ = {isa = PBXBuildFile; fileRef = BD8B29941DF2E7A000A974BD /* ViewController.swift */; };
		BD8B29981DF2E7A000A974BD /* Main.storyboard in Resources */ = {isa = PBXBuildFile; fileRef = BD8B29961DF2E7A000A974BD /* Main.storyboard */; };
		BD8B299A1DF2E7A000A974BD /* Assets.xcassets in Resources */ = {isa = PBXBuildFile; fileRef = BD8B29991DF2E7A000A974BD /* Assets.xcassets */; };
		BD8B299D1DF2E7A000A974BD /* LaunchScreen.storyboard in Resources */ = {isa = PBXBuildFile; fileRef = BD8B299B1DF2E7A000A974BD /* LaunchScreen.storyboard */; };
		BD8B29A81DF2E7A000A974BD /* practice_appTests.swift in Sources */ = {isa = PBXBuildFile; fileRef = BD8B29A71DF2E7A000A974BD /* practice_appTests.swift */; };
		BD8B29B31DF2E7A000A974BD /* practice_appUITests.swift in Sources */ = {isa = PBXBuildFile; fileRef = BD8B29B21DF2E7A000A974BD /* practice_appUITests.swift */; };
/* End PBXBuildFile section */

/* Begin PBXContainerItemProxy section */
		BD8B29A41DF2E7A000A974BD /* PBXContainerItemProxy */ = {
			isa = PBXContainerItemProxy;
			containerPortal = BD8B29871DF2E7A000A974BD /* Project object */;
			proxyType = 1;
			remoteGlobalIDString = BD8B298E1DF2E7A000A974BD;
			remoteInfo = "practice app";
		};
		BD8B29AF1DF2E7A000A974BD /* PBXContainerItemProxy */ = {
			isa = PBXContainerItemProxy;
			containerPortal = BD8B29871DF2E7A000A974BD /* Project object */;
			proxyType = 1;
			remoteGlobalIDString = BD8B298E1DF2E7A000A974BD;
			remoteInfo = "practice app";
		};
/* End PBXContainerItemProxy section */

/* Begin PBXFileReference section */
		BD8B298F1DF2E7A000A974BD /* practice app.app */ = {isa = PBXFileReference; explicitFileType = wrapper.application; includeInIndex = 0; path = "practice app.app"; sourceTree = BUILT_PRODUCTS_DIR; };
		BD8B29921DF2E7A000A974BD /* AppDelegate.swift */ = {isa = PBXFileReference; lastKnownFileType = sourcecode.swift; path = AppDelegate.swift; sourceTree = "<group>"; };
		BD8B29941DF2E7A000A974BD /* ViewController.swift */ = {isa = PBXFileReference; lastKnownFileType = sourcecode.swift; path = ViewController.swift; sourceTree = "<group>"; };
		BD8B29971DF2E7A000A974BD /* Base */ = {isa = PBXFileReference; lastKnownFileType = file.storyboard; name = Base; path = Base.lproj/Main.storyboard; sourceTree = "<group>"; };
		BD8B29991DF2E7A000A974BD /* Assets.xcassets */ = {isa = PBXFileReference; lastKnownFileType = folder.assetcatalog; path = Assets.xcassets; sourceTree = "<group>"; };
		BD8B299C1DF2E7A000A974BD /* Base */ = {isa = PBXFileReference; lastKnownFileType = file.storyboard; name = Base; path = Base.lproj/LaunchScreen.storyboard; sourceTree = "<group>"; };
		BD8B299E1DF2E7A000A974BD /* Info.plist */ = {isa = PBXFileReference; lastKnownFileType = text.plist.xml; path = Info.plist; sourceTree = "<group>"; };
		BD8B29A31DF2E7A000A974BD /* practice appTests.xctest */ = {isa = PBXFileReference; explicitFileType = wrapper.cfbundle; includeInIndex = 0; path = "practice appTests.xctest"; sourceTree = BUILT_PRODUCTS_DIR; };
		BD8B29A71DF2E7A000A974BD /* practice_appTests.swift */ = {isa = PBXFileReference; lastKnownFileType = sourcecode.swift; path = practice_appTests.swift; sourceTree = "<group>"; };
		BD8B29A91DF2E7A000A974BD /* Info.plist */ = {isa = PBXFileReference; lastKnownFileType = text.plist.xml; path = Info.plist; sourceTree = "<group>"; };
		BD8B29AE1DF2E7A000A974BD /* practice appUITests.xctest */ = {isa = PBXFileReference; explicitFileType = wrapper.cfbundle; includeInIndex = 0; path = "practice appUITests.xctest"; sourceTree = BUILT_PRODUCTS_DIR; };
		BD8B29B21DF2E7A000A974BD /* practice_appUITests.swift */ = {isa = PBXFileReference; lastKnownFileType = sourcecode.swift; path = practice_appUITests.swift; sourceTree = "<group>"; };
		BD8B29B41DF2E7A000A974BD /* Info.plist */ = {isa = PBXFileReference; lastKnownFileType = text.plist.xml; path = Info.plist; sourceTree = "<group>"; };
/* End PBXFileReference section */

/* Begin PBXFrameworksBuildPhase section */
		BD8B298C1DF2E7A000A974BD /* Frameworks */ = {
			isa = PBXFrameworksBuildPhase;
			buildActionMask = 2147483647;
			files = (
			);
			runOnlyForDeploymentPostprocessing = 0;
		};
		BD8B29A01DF2E7A000A974BD /* Frameworks */ = {
			isa = PBXFrameworksBuildPhase;
			buildActionMask = 2147483647;
			files = (
			);
			runOnlyForDeploymentPostprocessing = 0;
		};
		BD8B29AB1DF2E7A000A974BD /* Frameworks */ = {
			isa = PBXFrameworksBuildPhase;
			buildActionMask = 2147483647;
			files = (
			);
			runOnlyForDeploymentPostprocessing = 0;
		};
/* End PBXFrameworksBuildPhase section */

/* Begin PBXGroup section */
		BD8B29861DF2E7A000A974BD = {
			isa = PBXGroup;
			children = (
				BD8B29911DF2E7A000A974BD /* practice app */,
				BD8B29A61DF2E7A000A974BD /* practice appTests */,
				BD8B29B11DF2E7A000A974BD /* practice appUITests */,
				BD8B29901DF2E7A000A974BD /* Products */,
			);
			sourceTree = "<group>";
		};
		BD8B29901DF2E7A000A974BD /* Products */ = {
			isa = PBXGroup;
			children = (
				BD8B298F1DF2E7A000A974BD /* practice app.app */,
				BD8B29A31DF2E7A000A974BD /* practice appTests.xctest */,
				BD8B29AE1DF2E7A000A974BD /* practice appUITests.xctest */,
			);
			name = Products;
			sourceTree = "<group>";
		};
		BD8B29911DF2E7A000A974BD /* practice app */ = {
			isa = PBXGroup;
			children = (
				BD8B29921DF2E7A000A974BD /* AppDelegate.swift */,
				BD8B29941DF2E7A000A974BD /* ViewController.swift */,
				BD8B29961DF2E7A000A974BD /* Main.storyboard */,
				BD8B29991DF2E7A000A974BD /* Assets.xcassets */,
				BD8B299B1DF2E7A000A974BD /* LaunchScreen.storyboard */,
				BD8B299E1DF2E7A000A974BD /* Info.plist */,
			);
			path = "practice app";
			sourceTree = "<group>";
		};
		BD8B29A61DF2E7A000A974BD /* practice appTests */ = {
			isa = PBXGroup;
			children = (
				BD8B29A71DF2E7A000A974BD /* practice_appTests.swift */,
				BD8B29A91DF2E7A000A974BD /* Info.plist */,
			);
			path = "practice appTests";
			sourceTree = "<group>";
		};
		BD8B29B11DF2E7A000A974BD /* practice appUITests */ = {
			isa = PBXGroup;
			children = (
				BD8B29B21DF2E7A000A974BD /* practice_appUITests.swift */,
				BD8B29B41DF2E7A000A974BD /* Info.plist */,
			);
			path = "practice appUITests";
			sourceTree = "<group>";
		};
/* End PBXGroup section */

/* Begin PBXNativeTarget section */
		BD8B298E1DF2E7A000A974BD /* practice app */ = {
			isa = PBXNativeTarget;
			buildConfigurationList = BD8B29B71DF2E7A000A974BD /* Build configuration list for PBXNativeTarget "practice app" */;
			buildPhases = (
				BD8B298B1DF2E7A000A974BD /* Sources */,
				BD8B298C1DF2E7A000A974BD /* Frameworks */,
				BD8B298D1DF2E7A000A974BD /* Resources */,
			);
			buildRules = (
			);
			dependencies = (
			);
			name = "practice app";
			productName = "practice app";
			productReference = BD8B298F1DF2E7A000A974BD /* practice app.app */;
			productType = "com.apple.product-type.application";
		};
		BD8B29A21DF2E7A000A974BD /* practice appTests */ = {
			isa = PBXNativeTarget;
			buildConfigurationList = BD8B29BA1DF2E7A000A974BD /* Build configuration list for PBXNativeTarget "practice appTests" */;
			buildPhases = (
				BD8B299F1DF2E7A000A974BD /* Sources */,
				BD8B29A01DF2E7A000A974BD /* Frameworks */,
				BD8B29A11DF2E7A000A974BD /* Resources */,
			);
			buildRules = (
			);
			dependencies = (
				BD8B29A51DF2E7A000A974BD /* PBXTargetDependency */,
			);
			name = "practice appTests";
			productName = "practice appTests";
			productReference = BD8B29A31DF2E7A000A974BD /* practice appTests.xctest */;
			productType = "com.apple.product-type.bundle.unit-test";
		};
		BD8B29AD1DF2E7A000A974BD /* practice appUITests */ = {
			isa = PBXNativeTarget;
			buildConfigurationList = BD8B29BD1DF2E7A000A974BD /* Build configuration list for PBXNativeTarget "practice appUITests" */;
			buildPhases = (
				BD8B29AA1DF2E7A000A974BD /* Sources */,
				BD8B29AB1DF2E7A000A974BD /* Frameworks */,
				BD8B29AC1DF2E7A000A974BD /* Resources */,
			);
			buildRules = (
			);
			dependencies = (
				BD8B29B01DF2E7A000A974BD /* PBXTargetDependency */,
			);
			name = "practice appUITests";
			productName = "practice appUITests";
			productReference = BD8B29AE1DF2E7A000A974BD /* practice appUITests.xctest */;
			productType = "com.apple.product-type.bundle.ui-testing";
		};
/* End PBXNativeTarget section */

/* Begin PBXProject section */
		BD8B29871DF2E7A000A974BD /* Project object */ = {
			isa = PBXProject;
			attributes = {
				LastSwiftUpdateCheck = 0810;
				LastUpgradeCheck = 0810;
				ORGANIZATIONNAME = "Kazuhiro Yoshida";
				TargetAttributes = {
					BD8B298E1DF2E7A000A974BD = {
						CreatedOnToolsVersion = 8.1;
						DevelopmentTeam = 9LA5YGT826;
						ProvisioningStyle = Automatic;
					};
					BD8B29A21DF2E7A000A974BD = {
						CreatedOnToolsVersion = 8.1;
						DevelopmentTeam = 9LA5YGT826;
						ProvisioningStyle = Automatic;
						TestTargetID = BD8B298E1DF2E7A000A974BD;
					};
					BD8B29AD1DF2E7A000A974BD = {
						CreatedOnToolsVersion = 8.1;
						DevelopmentTeam = 9LA5YGT826;
						ProvisioningStyle = Automatic;
						TestTargetID = BD8B298E1DF2E7A000A974BD;
					};
				};
			};
			buildConfigurationList = BD8B298A1DF2E7A000A974BD /* Build configuration list for PBXProject "practice app" */;
			compatibilityVersion = "Xcode 3.2";
			developmentRegion = English;
			hasScannedForEncodings = 0;
			knownRegions = (
				en,
				Base,
			);
			mainGroup = BD8B29861DF2E7A000A974BD;
			productRefGroup = BD8B29901DF2E7A000A974BD /* Products */;
			projectDirPath = "";
			projectRoot = "";
			targets = (
				BD8B298E1DF2E7A000A974BD /* practice app */,
				BD8B29A21DF2E7A000A974BD /* practice appTests */,
				BD8B29AD1DF2E7A000A974BD /* practice appUITests */,
			);
		};
/* End PBXProject section */

/* Begin PBXResourcesBuildPhase section */
		BD8B298D1DF2E7A000A974BD /* Resources */ = {
			isa = PBXResourcesBuildPhase;
			buildActionMask = 2147483647;
			files = (
				BD8B299D1DF2E7A000A974BD /* LaunchScreen.storyboard in Resources */,
				BD8B299A1DF2E7A000A974BD /* Assets.xcassets in Resources */,
				BD8B29981DF2E7A000A974BD /* Main.storyboard in Resources */,
			);
			runOnlyForDeploymentPostprocessing = 0;
		};
		BD8B29A11DF2E7A000A974BD /* Resources */ = {
			isa = PBXResourcesBuildPhase;
			buildActionMask = 2147483647;
			files = (
			);
			runOnlyForDeploymentPostprocessing = 0;
		};
		BD8B29AC1DF2E7A000A974BD /* Resources */ = {
			isa = PBXResourcesBuildPhase;
			buildActionMask = 2147483647;
			files = (
			);
			runOnlyForDeploymentPostprocessing = 0;
		};
/* End PBXResourcesBuildPhase section */

/* Begin PBXSourcesBuildPhase section */
		BD8B298B1DF2E7A000A974BD /* Sources */ = {
			isa = PBXSourcesBuildPhase;
			buildActionMask = 2147483647;
			files = (
				BD8B29951DF2E7A000A974BD /* ViewController.swift in Sources */,
				BD8B29931DF2E7A000A974BD /* AppDelegate.swift in Sources */,
			);
			runOnlyForDeploymentPostprocessing = 0;
		};
		BD8B299F1DF2E7A000A974BD /* Sources */ = {
			isa = PBXSourcesBuildPhase;
			buildActionMask = 2147483647;
			files = (
				BD8B29A81DF2E7A000A974BD /* practice_appTests.swift in Sources */,
			);
			runOnlyForDeploymentPostprocessing = 0;
		};
		BD8B29AA1DF2E7A000A974BD /* Sources */ = {
			isa = PBXSourcesBuildPhase;
			buildActionMask = 2147483647;
			files = (
				BD8B29B31DF2E7A000A974BD /* practice_appUITests.swift in Sources */,
			);
			runOnlyForDeploymentPostprocessing = 0;
		};
/* End PBXSourcesBuildPhase section */

/* Begin PBXTargetDependency section */
		BD8B29A51DF2E7A000A974BD /* PBXTargetDependency */ = {
			isa = PBXTargetDependency;
			target = BD8B298E1DF2E7A000A974BD /* practice app */;
			targetProxy = BD8B29A41DF2E7A000A974BD /* PBXContainerItemProxy */;
		};
		BD8B29B01DF2E7A000A974BD /* PBXTargetDependency */ = {
			isa = PBXTargetDependency;
			target = BD8B298E1DF2E7A000A974BD /* practice app */;
			targetProxy = BD8B29AF1DF2E7A000A974BD /* PBXContainerItemProxy */;
		};
/* End PBXTargetDependency section */

/* Begin PBXVariantGroup section */
		BD8B29961DF2E7A000A974BD /* Main.storyboard */ = {
			isa = PBXVariantGroup;
			children = (
				BD8B29971DF2E7A000A974BD /* Base */,
			);
			name = Main.storyboard;
			sourceTree = "<group>";
		};
		BD8B299B1DF2E7A000A974BD /* LaunchScreen.storyboard */ = {
			isa = PBXVariantGroup;
			children = (
				BD8B299C1DF2E7A000A974BD /* Base */,
			);
			name = LaunchScreen.storyboard;
			sourceTree = "<group>";
		};
/* End PBXVariantGroup section */

/* Begin XCBuildConfiguration section */
		BD8B29B51DF2E7A000A974BD /* Debug */ = {
			isa = XCBuildConfiguration;
			buildSettings = {
				ALWAYS_SEARCH_USER_PATHS = NO;
				CLANG_ANALYZER_NONNULL = YES;
				CLANG_CXX_LANGUAGE_STANDARD = "gnu++0x";
				CLANG_CXX_LIBRARY = "libc++";
				CLANG_ENABLE_MODULES = YES;
				CLANG_ENABLE_OBJC_ARC = YES;
				CLANG_WARN_BOOL_CONVERSION = YES;
				CLANG_WARN_CONSTANT_CONVERSION = YES;
				CLANG_WARN_DIRECT_OBJC_ISA_USAGE = YES_ERROR;
				CLANG_WARN_DOCUMENTATION_COMMENTS = YES;
				CLANG_WARN_EMPTY_BODY = YES;
				CLANG_WARN_ENUM_CONVERSION = YES;
				CLANG_WARN_INFINITE_RECURSION = YES;
				CLANG_WARN_INT_CONVERSION = YES;
				CLANG_WARN_OBJC_ROOT_CLASS = YES_ERROR;
				CLANG_WARN_SUSPICIOUS_MOVES = YES;
				CLANG_WARN_UNREACHABLE_CODE = YES;
				CLANG_WARN__DUPLICATE_METHOD_MATCH = YES;
				"CODE_SIGN_IDENTITY[sdk=iphoneos*]" = "iPhone Developer";
				COPY_PHASE_STRIP = NO;
				DEBUG_INFORMATION_FORMAT = dwarf;
				ENABLE_STRICT_OBJC_MSGSEND = YES;
				ENABLE_TESTABILITY = YES;
				GCC_C_LANGUAGE_STANDARD = gnu99;
				GCC_DYNAMIC_NO_PIC = NO;
				GCC_NO_COMMON_BLOCKS = YES;
				GCC_OPTIMIZATION_LEVEL = 0;
				GCC_PREPROCESSOR_DEFINITIONS = (
					"DEBUG=1",
					"$(inherited)",
				);
				GCC_WARN_64_TO_32_BIT_CONVERSION = YES;
				GCC_WARN_ABOUT_RETURN_TYPE = YES_ERROR;
				GCC_WARN_UNDECLARED_SELECTOR = YES;
				GCC_WARN_UNINITIALIZED_AUTOS = YES_AGGRESSIVE;
				GCC_WARN_UNUSED_FUNCTION = YES;
				GCC_WARN_UNUSED_VARIABLE = YES;
				IPHONEOS_DEPLOYMENT_TARGET = 10.1;
				MTL_ENABLE_DEBUG_INFO = YES;
				ONLY_ACTIVE_ARCH = YES;
				SDKROOT = iphoneos;
				SWIFT_ACTIVE_COMPILATION_CONDITIONS = DEBUG;
				SWIFT_OPTIMIZATION_LEVEL = "-Onone";
				TARGETED_DEVICE_FAMILY = "1,2";
			};
			name = Debug;
		};
		BD8B29B61DF2E7A000A974BD /* Release */ = {
			isa = XCBuildConfiguration;
			buildSettings = {
				ALWAYS_SEARCH_USER_PATHS = NO;
				CLANG_ANALYZER_NONNULL = YES;
				CLANG_CXX_LANGUAGE_STANDARD = "gnu++0x";
				CLANG_CXX_LIBRARY = "libc++";
				CLANG_ENABLE_MODULES = YES;
				CLANG_ENABLE_OBJC_ARC = YES;
				CLANG_WARN_BOOL_CONVERSION = YES;
				CLANG_WARN_CONSTANT_CONVERSION = YES;
				CLANG_WARN_DIRECT_OBJC_ISA_USAGE = YES_ERROR;
				CLANG_WARN_DOCUMENTATION_COMMENTS = YES;
				CLANG_WARN_EMPTY_BODY = YES;
				CLANG_WARN_ENUM_CONVERSION = YES;
				CLANG_WARN_INFINITE_RECURSION = YES;
				CLANG_WARN_INT_CONVERSION = YES;
				CLANG_WARN_OBJC_ROOT_CLASS = YES_ERROR;
				CLANG_WARN_SUSPICIOUS_MOVES = YES;
				CLANG_WARN_UNREACHABLE_CODE = YES;
				CLANG_WARN__DUPLICATE_METHOD_MATCH = YES;
				"CODE_SIGN_IDENTITY[sdk=iphoneos*]" = "iPhone Developer";
				COPY_PHASE_STRIP = NO;
				DEBUG_INFORMATION_FORMAT = "dwarf-with-dsym";
				ENABLE_NS_ASSERTIONS = NO;
				ENABLE_STRICT_OBJC_MSGSEND = YES;
				GCC_C_LANGUAGE_STANDARD = gnu99;
				GCC_NO_COMMON_BLOCKS = YES;
				GCC_WARN_64_TO_32_BIT_CONVERSION = YES;
				GCC_WARN_ABOUT_RETURN_TYPE = YES_ERROR;
				GCC_WARN_UNDECLARED_SELECTOR = YES;
				GCC_WARN_UNINITIALIZED_AUTOS = YES_AGGRESSIVE;
				GCC_WARN_UNUSED_FUNCTION = YES;
				GCC_WARN_UNUSED_VARIABLE = YES;
				IPHONEOS_DEPLOYMENT_TARGET = 10.1;
				MTL_ENABLE_DEBUG_INFO = NO;
				SDKROOT = iphoneos;
				SWIFT_OPTIMIZATION_LEVEL = "-Owholemodule";
				TARGETED_DEVICE_FAMILY = "1,2";
				VALIDATE_PRODUCT = YES;
			};
			name = Release;
		};
		BD8B29B81DF2E7A000A974BD /* Debug */ = {
			isa = XCBuildConfiguration;
			buildSettings = {
				ASSETCATALOG_COMPILER_APPICON_NAME = AppIcon;
				DEVELOPMENT_TEAM = 9LA5YGT826;
				INFOPLIST_FILE = "practice app/Info.plist";
				LD_RUNPATH_SEARCH_PATHS = "$(inherited) @executable_path/Frameworks";
				PRODUCT_BUNDLE_IDENTIFIER = "yoshida841.practice-app";
				PRODUCT_NAME = "$(TARGET_NAME)";
				SWIFT_VERSION = 3.0;
			};
			name = Debug;
		};
		BD8B29B91DF2E7A000A974BD /* Release */ = {
			isa = XCBuildConfiguration;
			buildSettings = {
				ASSETCATALOG_COMPILER_APPICON_NAME = AppIcon;
				DEVELOPMENT_TEAM = 9LA5YGT826;
				INFOPLIST_FILE = "practice app/Info.plist";
				LD_RUNPATH_SEARCH_PATHS = "$(inherited) @executable_path/Frameworks";
				PRODUCT_BUNDLE_IDENTIFIER = "yoshida841.practice-app";
				PRODUCT_NAME = "$(TARGET_NAME)";
				SWIFT_VERSION = 3.0;
			};
			name = Release;
		};
		BD8B29BB1DF2E7A000A974BD /* Debug */ = {
			isa = XCBuildConfiguration;
			buildSettings = {
				ALWAYS_EMBED_SWIFT_STANDARD_LIBRARIES = YES;
				BUNDLE_LOADER = "$(TEST_HOST)";
				DEVELOPMENT_TEAM = 9LA5YGT826;
				INFOPLIST_FILE = "practice appTests/Info.plist";
				LD_RUNPATH_SEARCH_PATHS = "$(inherited) @executable_path/Frameworks @loader_path/Frameworks";
				PRODUCT_BUNDLE_IDENTIFIER = "yoshida841.practice-appTests";
				PRODUCT_NAME = "$(TARGET_NAME)";
				SWIFT_VERSION = 3.0;
				TEST_HOST = "$(BUILT_PRODUCTS_DIR)/practice app.app/practice app";
			};
			name = Debug;
		};
		BD8B29BC1DF2E7A000A974BD /* Release */ = {
			isa = XCBuildConfiguration;
			buildSettings = {
				ALWAYS_EMBED_SWIFT_STANDARD_LIBRARIES = YES;
				BUNDLE_LOADER = "$(TEST_HOST)";
				DEVELOPMENT_TEAM = 9LA5YGT826;
				INFOPLIST_FILE = "practice appTests/Info.plist";
				LD_RUNPATH_SEARCH_PATHS = "$(inherited) @executable_path/Frameworks @loader_path/Frameworks";
				PRODUCT_BUNDLE_IDENTIFIER = "yoshida841.practice-appTests";
				PRODUCT_NAME = "$(TARGET_NAME)";
				SWIFT_VERSION = 3.0;
				TEST_HOST = "$(BUILT_PRODUCTS_DIR)/practice app.app/practice app";
			};
			name = Release;
		};
		BD8B29BE1DF2E7A000A974BD /* Debug */ = {
			isa = XCBuildConfiguration;
			buildSettings = {
				ALWAYS_EMBED_SWIFT_STANDARD_LIBRARIES = YES;
				DEVELOPMENT_TEAM = 9LA5YGT826;
				INFOPLIST_FILE = "practice appUITests/Info.plist";
				LD_RUNPATH_SEARCH_PATHS = "$(inherited) @executable_path/Frameworks @loader_path/Frameworks";
				PRODUCT_BUNDLE_IDENTIFIER = "yoshida841.practice-appUITests";
				PRODUCT_NAME = "$(TARGET_NAME)";
				SWIFT_VERSION = 3.0;
				TEST_TARGET_NAME = "practice app";
			};
			name = Debug;
		};
		BD8B29BF1DF2E7A000A974BD /* Release */ = {
			isa = XCBuildConfiguration;
			buildSettings = {
				ALWAYS_EMBED_SWIFT_STANDARD_LIBRARIES = YES;
				DEVELOPMENT_TEAM = 9LA5YGT826;
				INFOPLIST_FILE = "practice appUITests/Info.plist";
				LD_RUNPATH_SEARCH_PATHS = "$(inherited) @executable_path/Frameworks @loader_path/Frameworks";
				PRODUCT_BUNDLE_IDENTIFIER = "yoshida841.practice-appUITests";
				PRODUCT_NAME = "$(TARGET_NAME)";
				SWIFT_VERSION = 3.0;
				TEST_TARGET_NAME = "practice app";
			};
			name = Release;
		};
/* End XCBuildConfiguration section */

/* Begin XCConfigurationList section */
		BD8B298A1DF2E7A000A974BD /* Build configuration list for PBXProject "practice app" */ = {
			isa = XCConfigurationList;
			buildConfigurations = (
				BD8B29B51DF2E7A000A974BD /* Debug */,
				BD8B29B61DF2E7A000A974BD /* Release */,
			);
			defaultConfigurationIsVisible = 0;
			defaultConfigurationName = Release;
		};
		BD8B29B71DF2E7A000A974BD /* Build configuration list for PBXNativeTarget "practice app" */ = {
			isa = XCConfigurationList;
			buildConfigurations = (
				BD8B29B81DF2E7A000A974BD /* Debug */,
				BD8B29B91DF2E7A000A974BD /* Release */,
			);
			defaultConfigurationIsVisible = 0;
		};
		BD8B29BA1DF2E7A000A974BD /* Build configuration list for PBXNativeTarget "practice appTests" */ = {
			isa = XCConfigurationList;
			buildConfigurations = (
				BD8B29BB1DF2E7A000A974BD /* Debug */,
				BD8B29BC1DF2E7A000A974BD /* Release */,
			);
			defaultConfigurationIsVisible = 0;
		};
		BD8B29BD1DF2E7A000A974BD /* Build configuration list for PBXNativeTarget "practice appUITests" */ = {
			isa = XCConfigurationList;
			buildConfigurations = (
				BD8B29BE1DF2E7A000A974BD /* Debug */,
				BD8B29BF1DF2E7A000A974BD /* Release */,
			);
			defaultConfigurationIsVisible = 0;
		};
/* End XCConfigurationList section */
	};
	rootObject = BD8B29871DF2E7A000A974BD /* Project object */;
}
